// !$*UTF8*$!
{
	archiveVersion = 1;
	classes = {
	};
	objectVersion = 50;
	objects = {

/* Begin PBXBuildFile section */
		A54EA84323EBB6D9004C56A5 /* CardView.swift in Sources */ = {isa = PBXBuildFile; fileRef = A54EA83B23EBB6D8004C56A5 /* CardView.swift */; };
		A54EA84423EBB6D9004C56A5 /* CustomButton.swift in Sources */ = {isa = PBXBuildFile; fileRef = A54EA83C23EBB6D8004C56A5 /* CustomButton.swift */; };
		A54EA84523EBB6D9004C56A5 /* CustomTextField.swift in Sources */ = {isa = PBXBuildFile; fileRef = A54EA83D23EBB6D8004C56A5 /* CustomTextField.swift */; };
		A54EA84623EBB6D9004C56A5 /* CustomImage.swift in Sources */ = {isa = PBXBuildFile; fileRef = A54EA83E23EBB6D8004C56A5 /* CustomImage.swift */; };
		A54EA84723EBB6D9004C56A5 /* data.json in Resources */ = {isa = PBXBuildFile; fileRef = A54EA83F23EBB6D8004C56A5 /* data.json */; };
		A54EA84823EBB6D9004C56A5 /* BookListVC.swift in Sources */ = {isa = PBXBuildFile; fileRef = A54EA84023EBB6D8004C56A5 /* BookListVC.swift */; };
		A54EA84923EBB6D9004C56A5 /* BookListCVC.swift in Sources */ = {isa = PBXBuildFile; fileRef = A54EA84123EBB6D8004C56A5 /* BookListCVC.swift */; };
		A54EA84A23EBB6D9004C56A5 /* BookInfoVC.swift in Sources */ = {isa = PBXBuildFile; fileRef = A54EA84223EBB6D9004C56A5 /* BookInfoVC.swift */; };
		A5605CB423EA673F00E5BE7A /* AppDelegate.swift in Sources */ = {isa = PBXBuildFile; fileRef = A5605CB323EA673F00E5BE7A /* AppDelegate.swift */; };
		A5605CB623EA673F00E5BE7A /* SceneDelegate.swift in Sources */ = {isa = PBXBuildFile; fileRef = A5605CB523EA673F00E5BE7A /* SceneDelegate.swift */; };
		A5605CBB23EA673F00E5BE7A /* Main.storyboard in Resources */ = {isa = PBXBuildFile; fileRef = A5605CB923EA673F00E5BE7A /* Main.storyboard */; };
		A5605CBD23EA674300E5BE7A /* Assets.xcassets in Resources */ = {isa = PBXBuildFile; fileRef = A5605CBC23EA674300E5BE7A /* Assets.xcassets */; };
		A5605CC023EA674300E5BE7A /* LaunchScreen.storyboard in Resources */ = {isa = PBXBuildFile; fileRef = A5605CBE23EA674300E5BE7A /* LaunchScreen.storyboard */; };
/* End PBXBuildFile section */

/* Begin PBXFileReference section */
		A54EA83B23EBB6D8004C56A5 /* CardView.swift */ = {isa = PBXFileReference; fileEncoding = 4; lastKnownFileType = sourcecode.swift; path = CardView.swift; sourceTree = "<group>"; };
		A54EA83C23EBB6D8004C56A5 /* CustomButton.swift */ = {isa = PBXFileReference; fileEncoding = 4; lastKnownFileType = sourcecode.swift; path = CustomButton.swift; sourceTree = "<group>"; };
		A54EA83D23EBB6D8004C56A5 /* CustomTextField.swift */ = {isa = PBXFileReference; fileEncoding = 4; lastKnownFileType = sourcecode.swift; path = CustomTextField.swift; sourceTree = "<group>"; };
		A54EA83E23EBB6D8004C56A5 /* CustomImage.swift */ = {isa = PBXFileReference; fileEncoding = 4; lastKnownFileType = sourcecode.swift; path = CustomImage.swift; sourceTree = "<group>"; };
		A54EA83F23EBB6D8004C56A5 /* data.json */ = {isa = PBXFileReference; fileEncoding = 4; lastKnownFileType = text.json; path = data.json; sourceTree = "<group>"; };
		A54EA84023EBB6D8004C56A5 /* BookListVC.swift */ = {isa = PBXFileReference; fileEncoding = 4; lastKnownFileType = sourcecode.swift; path = BookListVC.swift; sourceTree = "<group>"; };
		A54EA84123EBB6D8004C56A5 /* BookListCVC.swift */ = {isa = PBXFileReference; fileEncoding = 4; lastKnownFileType = sourcecode.swift; path = BookListCVC.swift; sourceTree = "<group>"; };
		A54EA84223EBB6D9004C56A5 /* BookInfoVC.swift */ = {isa = PBXFileReference; fileEncoding = 4; lastKnownFileType = sourcecode.swift; path = BookInfoVC.swift; sourceTree = "<group>"; };
		A5605CB023EA673F00E5BE7A /* BookList.app */ = {isa = PBXFileReference; explicitFileType = wrapper.application; includeInIndex = 0; path = BookList.app; sourceTree = BUILT_PRODUCTS_DIR; };
		A5605CB323EA673F00E5BE7A /* AppDelegate.swift */ = {isa = PBXFileReference; lastKnownFileType = sourcecode.swift; path = AppDelegate.swift; sourceTree = "<group>"; };
		A5605CB523EA673F00E5BE7A /* SceneDelegate.swift */ = {isa = PBXFileReference; lastKnownFileType = sourcecode.swift; path = SceneDelegate.swift; sourceTree = "<group>"; };
		A5605CBA23EA673F00E5BE7A /* Base */ = {isa = PBXFileReference; lastKnownFileType = file.storyboard; name = Base; path = Base.lproj/Main.storyboard; sourceTree = "<group>"; };
		A5605CBC23EA674300E5BE7A /* Assets.xcassets */ = {isa = PBXFileReference; lastKnownFileType = folder.assetcatalog; path = Assets.xcassets; sourceTree = "<group>"; };
		A5605CBF23EA674300E5BE7A /* Base */ = {isa = PBXFileReference; lastKnownFileType = file.storyboard; name = Base; path = Base.lproj/LaunchScreen.storyboard; sourceTree = "<group>"; };
		A5605CC123EA674300E5BE7A /* Info.plist */ = {isa = PBXFileReference; lastKnownFileType = text.plist.xml; path = Info.plist; sourceTree = "<group>"; };
/* End PBXFileReference section */

/* Begin PBXFrameworksBuildPhase section */
		A5605CAD23EA673F00E5BE7A /* Frameworks */ = {
			isa = PBXFrameworksBuildPhase;
			buildActionMask = 2147483647;
			files = (
			);
			runOnlyForDeploymentPostprocessing = 0;
		};
/* End PBXFrameworksBuildPhase section */

/* Begin PBXGroup section */
		A54EA83A23EBB6D8004C56A5 /* CustomUI */ = {
			isa = PBXGroup;
			children = (
				A54EA83B23EBB6D8004C56A5 /* CardView.swift */,
				A54EA83C23EBB6D8004C56A5 /* CustomButton.swift */,
				A54EA83D23EBB6D8004C56A5 /* CustomTextField.swift */,
				A54EA83E23EBB6D8004C56A5 /* CustomImage.swift */,
			);
			path = CustomUI;
			sourceTree = "<group>";
		};
		A5605CA723EA673F00E5BE7A = {
			isa = PBXGroup;
			children = (
				A5605CB223EA673F00E5BE7A /* BookList */,
				A5605CB123EA673F00E5BE7A /* Products */,
			);
			sourceTree = "<group>";
		};
		A5605CB123EA673F00E5BE7A /* Products */ = {
			isa = PBXGroup;
			children = (
				A5605CB023EA673F00E5BE7A /* BookList.app */,
			);
			name = Products;
			sourceTree = "<group>";
		};
		A5605CB223EA673F00E5BE7A /* BookList */ = {
			isa = PBXGroup;
			children = (
				A5605CB323EA673F00E5BE7A /* AppDelegate.swift */,
				A5605CB523EA673F00E5BE7A /* SceneDelegate.swift */,
				A54EA84223EBB6D9004C56A5 /* BookInfoVC.swift */,
				A54EA84123EBB6D8004C56A5 /* BookListCVC.swift */,
				A54EA84023EBB6D8004C56A5 /* BookListVC.swift */,
				A54EA83A23EBB6D8004C56A5 /* CustomUI */,
				A54EA83F23EBB6D8004C56A5 /* data.json */,
				A5605CB923EA673F00E5BE7A /* Main.storyboard */,
				A5605CBC23EA674300E5BE7A /* Assets.xcassets */,
				A5605CBE23EA674300E5BE7A /* LaunchScreen.storyboard */,
				A5605CC123EA674300E5BE7A /* Info.plist */,
			);
			path = BookList;
			sourceTree = "<group>";
		};
/* End PBXGroup section */

/* Begin PBXNativeTarget section */
		A5605CAF23EA673F00E5BE7A /* BookList */ = {
			isa = PBXNativeTarget;
			buildConfigurationList = A5605CC423EA674300E5BE7A /* Build configuration list for PBXNativeTarget "BookList" */;
			buildPhases = (
				A5605CAC23EA673F00E5BE7A /* Sources */,
				A5605CAD23EA673F00E5BE7A /* Frameworks */,
				A5605CAE23EA673F00E5BE7A /* Resources */,
			);
			buildRules = (
			);
			dependencies = (
			);
			name = BookList;
			productName = BookList;
			productReference = A5605CB023EA673F00E5BE7A /* BookList.app */;
			productType = "com.apple.product-type.application";
		};
/* End PBXNativeTarget section */

/* Begin PBXProject section */
		A5605CA823EA673F00E5BE7A /* Project object */ = {
			isa = PBXProject;
			attributes = {
				LastSwiftUpdateCheck = 1130;
				LastUpgradeCheck = 1130;
				ORGANIZATIONNAME = "Megat Syafiq";
				TargetAttributes = {
					A5605CAF23EA673F00E5BE7A = {
						CreatedOnToolsVersion = 11.3.1;
					};
				};
			};
			buildConfigurationList = A5605CAB23EA673F00E5BE7A /* Build configuration list for PBXProject "BookList" */;
			compatibilityVersion = "Xcode 9.3";
			developmentRegion = en;
			hasScannedForEncodings = 0;
			knownRegions = (
				en,
				Base,
			);
			mainGroup = A5605CA723EA673F00E5BE7A;
			productRefGroup = A5605CB123EA673F00E5BE7A /* Products */;
			projectDirPath = "";
			projectRoot = "";
			targets = (
				A5605CAF23EA673F00E5BE7A /* BookList */,
			);
		};
/* End PBXProject section */

/* Begin PBXResourcesBuildPhase section */
		A5605CAE23EA673F00E5BE7A /* Resources */ = {
			isa = PBXResourcesBuildPhase;
			buildActionMask = 2147483647;
			files = (
				A5605CC023EA674300E5BE7A /* LaunchScreen.storyboard in Resources */,
				A5605CBD23EA674300E5BE7A /* Assets.xcassets in Resources */,
				A5605CBB23EA673F00E5BE7A /* Main.storyboard in Resources */,
				A54EA84723EBB6D9004C56A5 /* data.json in Resources */,
			);
			runOnlyForDeploymentPostprocessing = 0;
		};
/* End PBXResourcesBuildPhase section */

/* Begin PBXSourcesBuildPhase section */
		A5605CAC23EA673F00E5BE7A /* Sources */ = {
			isa = PBXSourcesBuildPhase;
			buildActionMask = 2147483647;
			files = (
				A54EA84623EBB6D9004C56A5 /* CustomImage.swift in Sources */,
				A5605CB423EA673F00E5BE7A /* AppDelegate.swift in Sources */,
				A54EA84823EBB6D9004C56A5 /* BookListVC.swift in Sources */,
				A54EA84523EBB6D9004C56A5 /* CustomTextField.swift in Sources */,
				A54EA84923EBB6D9004C56A5 /* BookListCVC.swift in Sources */,
				A54EA84323EBB6D9004C56A5 /* CardView.swift in Sources */,
				A5605CB623EA673F00E5BE7A /* SceneDelegate.swift in Sources */,
				A54EA84423EBB6D9004C56A5 /* CustomButton.swift in Sources */,
				A54EA84A23EBB6D9004C56A5 /* BookInfoVC.swift in Sources */,
			);
			runOnlyForDeploymentPostprocessing = 0;
		};
/* End PBXSourcesBuildPhase section */

/* Begin PBXVariantGroup section */
		A5605CB923EA673F00E5BE7A /* Main.storyboard */ = {
			isa = PBXVariantGroup;
			children = (
				A5605CBA23EA673F00E5BE7A /* Base */,
			);
			name = Main.storyboard;
			sourceTree = "<group>";
		};
		A5605CBE23EA674300E5BE7A /* LaunchScreen.storyboard */ = {
			isa = PBXVariantGroup;
			children = (
				A5605CBF23EA674300E5BE7A /* Base */,
			);
			name = LaunchScreen.storyboard;
			sourceTree = "<group>";
		};
/* End PBXVariantGroup section */

/* Begin XCBuildConfiguration section */
		A5605CC223EA674300E5BE7A /* Debug */ = {
			isa = XCBuildConfiguration;
			buildSettings = {
				ALWAYS_SEARCH_USER_PATHS = NO;
				CLANG_ANALYZER_NONNULL = YES;
				CLANG_ANALYZER_NUMBER_OBJECT_CONVERSION = YES_AGGRESSIVE;
				CLANG_CXX_LANGUAGE_STANDARD = "gnu++14";
				CLANG_CXX_LIBRARY = "libc++";
				CLANG_ENABLE_MODULES = YES;
				CLANG_ENABLE_OBJC_ARC = YES;
				CLANG_ENABLE_OBJC_WEAK = YES;
				CLANG_WARN_BLOCK_CAPTURE_AUTORELEASING = YES;
				CLANG_WARN_BOOL_CONVERSION = YES;
				CLANG_WARN_COMMA = YES;
				CLANG_WARN_CONSTANT_CONVERSION = YES;
				CLANG_WARN_DEPRECATED_OBJC_IMPLEMENTATIONS = YES;
				CLANG_WARN_DIRECT_OBJC_ISA_USAGE = YES_ERROR;
				CLANG_WARN_DOCUMENTATION_COMMENTS = YES;
				CLANG_WARN_EMPTY_BODY = YES;
				CLANG_WARN_ENUM_CONVERSION = YES;
				CLANG_WARN_INFINITE_RECURSION = YES;
				CLANG_WARN_INT_CONVERSION = YES;
				CLANG_WARN_NON_LITERAL_NULL_CONVERSION = YES;
				CLANG_WARN_OBJC_IMPLICIT_RETAIN_SELF = YES;
				CLANG_WARN_OBJC_LITERAL_CONVERSION = YES;
				CLANG_WARN_OBJC_ROOT_CLASS = YES_ERROR;
				CLANG_WARN_RANGE_LOOP_ANALYSIS = YES;
				CLANG_WARN_STRICT_PROTOTYPES = YES;
				CLANG_WARN_SUSPICIOUS_MOVE = YES;
				CLANG_WARN_UNGUARDED_AVAILABILITY = YES_AGGRESSIVE;
				CLANG_WARN_UNREACHABLE_CODE = YES;
				CLANG_WARN__DUPLICATE_METHOD_MATCH = YES;
				COPY_PHASE_STRIP = NO;
				DEBUG_INFORMATION_FORMAT = dwarf;
				ENABLE_STRICT_OBJC_MSGSEND = YES;
				ENABLE_TESTABILITY = YES;
				GCC_C_LANGUAGE_STANDARD = gnu11;
				GCC_DYNAMIC_NO_PIC = NO;
				GCC_NO_COMMON_BLOCKS = YES;
				GCC_OPTIMIZATION_LEVEL = 0;
				GCC_PREPROCESSOR_DEFINITIONS = (
					"DEBUG=1",
					"$(inherited)",
				);
				GCC_WARN_64_TO_32_BIT_CONVERSION = YES;
				GCC_WARN_ABOUT_RETURN_TYPE = YES_ERROR;
				GCC_WARN_UNDECLARED_SELECTOR = YES;
				GCC_WARN_UNINITIALIZED_AUTOS = YES_AGGRESSIVE;
				GCC_WARN_UNUSED_FUNCTION = YES;
				GCC_WARN_UNUSED_VARIABLE = YES;
				IPHONEOS_DEPLOYMENT_TARGET = 13.2;
				MTL_ENABLE_DEBUG_INFO = INCLUDE_SOURCE;
				MTL_FAST_MATH = YES;
				ONLY_ACTIVE_ARCH = YES;
				SDKROOT = iphoneos;
				SWIFT_ACTIVE_COMPILATION_CONDITIONS = DEBUG;
				SWIFT_OPTIMIZATION_LEVEL = "-Onone";
			};
			name = Debug;
		};
		A5605CC323EA674300E5BE7A /* Release */ = {
			isa = XCBuildConfiguration;
			buildSettings = {
				ALWAYS_SEARCH_USER_PATHS = NO;
				CLANG_ANALYZER_NONNULL = YES;
				CLANG_ANALYZER_NUMBER_OBJECT_CONVERSION = YES_AGGRESSIVE;
				CLANG_CXX_LANGUAGE_STANDARD = "gnu++14";
				CLANG_CXX_LIBRARY = "libc++";
				CLANG_ENABLE_MODULES = YES;
				CLANG_ENABLE_OBJC_ARC = YES;
				CLANG_ENABLE_OBJC_WEAK = YES;
				CLANG_WARN_BLOCK_CAPTURE_AUTORELEASING = YES;
				CLANG_WARN_BOOL_CONVERSION = YES;
				CLANG_WARN_COMMA = YES;
				CLANG_WARN_CONSTANT_CONVERSION = YES;
				CLANG_WARN_DEPRECATED_OBJC_IMPLEMENTATIONS = YES;
				CLANG_WARN_DIRECT_OBJC_ISA_USAGE = YES_ERROR;
				CLANG_WARN_DOCUMENTATION_COMMENTS = YES;
				CLANG_WARN_EMPTY_BODY = YES;
				CLANG_WARN_ENUM_CONVERSION = YES;
				CLANG_WARN_INFINITE_RECURSION = YES;
				CLANG_WARN_INT_CONVERSION = YES;
				CLANG_WARN_NON_LITERAL_NULL_CONVERSION = YES;
				CLANG_WARN_OBJC_IMPLICIT_RETAIN_SELF = YES;
				CLANG_WARN_OBJC_LITERAL_CONVERSION = YES;
				CLANG_WARN_OBJC_ROOT_CLASS = YES_ERROR;
				CLANG_WARN_RANGE_LOOP_ANALYSIS = YES;
				CLANG_WARN_STRICT_PROTOTYPES = YES;
				CLANG_WARN_SUSPICIOUS_MOVE = YES;
				CLANG_WARN_UNGUARDED_AVAILABILITY = YES_AGGRESSIVE;
				CLANG_WARN_UNREACHABLE_CODE = YES;
				CLANG_WARN__DUPLICATE_METHOD_MATCH = YES;
				COPY_PHASE_STRIP = NO;
				DEBUG_INFORMATION_FORMAT = "dwarf-with-dsym";
				ENABLE_NS_ASSERTIONS = NO;
				ENABLE_STRICT_OBJC_MSGSEND = YES;
				GCC_C_LANGUAGE_STANDARD = gnu11;
				GCC_NO_COMMON_BLOCKS = YES;
				GCC_WARN_64_TO_32_BIT_CONVERSION = YES;
				GCC_WARN_ABOUT_RETURN_TYPE = YES_ERROR;
				GCC_WARN_UNDECLARED_SELECTOR = YES;
				GCC_WARN_UNINITIALIZED_AUTOS = YES_AGGRESSIVE;
				GCC_WARN_UNUSED_FUNCTION = YES;
				GCC_WARN_UNUSED_VARIABLE = YES;
				IPHONEOS_DEPLOYMENT_TARGET = 13.2;
				MTL_ENABLE_DEBUG_INFO = NO;
				MTL_FAST_MATH = YES;
				SDKROOT = iphoneos;
				SWIFT_COMPILATION_MODE = wholemodule;
				SWIFT_OPTIMIZATION_LEVEL = "-O";
				VALIDATE_PRODUCT = YES;
			};
			name = Release;
		};
		A5605CC523EA674300E5BE7A /* Debug */ = {
			isa = XCBuildConfiguration;
			buildSettings = {
				ASSETCATALOG_COMPILER_APPICON_NAME = AppIcon;
				CODE_SIGN_STYLE = Automatic;
				DEVELOPMENT_TEAM = 33XSSTPS64;
				INFOPLIST_FILE = BookList/Info.plist;
				LD_RUNPATH_SEARCH_PATHS = (
					"$(inherited)",
					"@executable_path/Frameworks",
				);
				PRODUCT_BUNDLE_IDENTIFIER = com.cl.BookList;
				PRODUCT_NAME = "$(TARGET_NAME)";
				SWIFT_VERSION = 5.0;
				TARGETED_DEVICE_FAMILY = "1,2";
			};
			name = Debug;
		};
		A5605CC623EA674300E5BE7A /* Release */ = {
			isa = XCBuildConfiguration;
			buildSettings = {
				ASSETCATALOG_COMPILER_APPICON_NAME = AppIcon;
				CODE_SIGN_STYLE = Automatic;
				DEVELOPMENT_TEAM = 33XSSTPS64;
				INFOPLIST_FILE = BookList/Info.plist;
				LD_RUNPATH_SEARCH_PATHS = (
					"$(inherited)",
					"@executable_path/Frameworks",
				);
				PRODUCT_BUNDLE_IDENTIFIER = com.cl.BookList;
				PRODUCT_NAME = "$(TARGET_NAME)";
				SWIFT_VERSION = 5.0;
				TARGETED_DEVICE_FAMILY = "1,2";
			};
			name = Release;
		};
/* End XCBuildConfiguration section */

/* Begin XCConfigurationList section */
		A5605CAB23EA673F00E5BE7A /* Build configuration list for PBXProject "BookList" */ = {
			isa = XCConfigurationList;
			buildConfigurations = (
				A5605CC223EA674300E5BE7A /* Debug */,
				A5605CC323EA674300E5BE7A /* Release */,
			);
			defaultConfigurationIsVisible = 0;
			defaultConfigurationName = Release;
		};
		A5605CC423EA674300E5BE7A /* Build configuration list for PBXNativeTarget "BookList" */ = {
			isa = XCConfigurationList;
			buildConfigurations = (
				A5605CC523EA674300E5BE7A /* Debug */,
				A5605CC623EA674300E5BE7A /* Release */,
			);
			defaultConfigurationIsVisible = 0;
			defaultConfigurationName = Release;
		};
/* End XCConfigurationList section */
	};
	rootObject = A5605CA823EA673F00E5BE7A /* Project object */;
}
